PODS:
  - Bolts (1.8.4):
    - Bolts/AppLinks (= 1.8.4)
    - Bolts/Tasks (= 1.8.4)
  - Bolts/AppLinks (1.8.4):
    - Bolts/Tasks
  - Bolts/Tasks (1.8.4)
  - Charts (3.0.2):
    - Charts/Core (= 3.0.2)
  - Charts/Core (3.0.2)
  - CircleProgressView (1.1.2)
  - Crashlytics (3.8.5):
    - Fabric (~> 1.6.3)
  - CVCalendar (1.4.1)
  - Fabric (1.6.12)
  - FacebookCore (0.2.0):
    - Bolts (~> 1.8)
    - FBSDKCoreKit (~> 4.15)
  - FacebookLogin (0.2.0):
    - Bolts (~> 1.8)
    - FacebookCore (~> 0.2)
    - FBSDKCoreKit (~> 4.15)
    - FBSDKLoginKit (~> 4.15)
  - FacebookShare (0.2.0):
    - Bolts (~> 1.8)
    - FacebookCore (~> 0.2)
    - FBSDKCoreKit (~> 4.15)
    - FBSDKShareKit (~> 4.15)
  - FBSDKCoreKit (4.22.1):
    - Bolts (~> 1.7)
  - FBSDKLoginKit (4.22.1):
    - FBSDKCoreKit
  - FBSDKShareKit (4.22.1):
    - FBSDKCoreKit
  - Firebase/Core (4.0.3):
    - FirebaseAnalytics (= 4.0.2)
    - FirebaseCore (= 4.0.3)
  - FirebaseAnalytics (4.0.2):
    - FirebaseCore (~> 4.0)
    - FirebaseInstanceID (~> 2.0)
    - GoogleToolboxForMac/NSData+zlib (~> 2.1)
  - FirebaseCore (4.0.3):
    - GoogleToolboxForMac/NSData+zlib (~> 2.1)
  - FirebaseInstanceID (2.0.0):
    - FirebaseCore (~> 4.0)
  - GoogleMaps (2.2.0):
    - GoogleMaps/Maps (= 2.2.0)
  - GoogleMaps/Base (2.2.0)
  - GoogleMaps/Maps (2.2.0):
    - GoogleMaps/Base
  - GooglePlaces (2.2.0):
    - GoogleMaps/Base (= 2.2.0)
  - GoogleToolboxForMac/Defines (2.1.1)
  - GoogleToolboxForMac/NSData+zlib (2.1.1):
    - GoogleToolboxForMac/Defines (= 2.1.1)
  - IQKeyboardManagerSwift (4.0.9)
  - MBProgressHUD (1.0.0)
  - SCLAlertView (0.7.0)
  - SDWebImage (3.8.2):
    - SDWebImage/Core (= 3.8.2)
  - SDWebImage/Core (3.8.2)
  - SideMenu (2.3.2)
  - Stripe (10.2.0)
  - SwiftLoader (0.2.5)
  - SwiftyStarRatingView (1.0.4)

DEPENDENCIES:
  - Charts
  - CircleProgressView (~> 1.0)
  - Crashlytics
  - CVCalendar (~> 1.4.0)
  - Fabric
  - FacebookCore
  - FacebookLogin
  - FacebookShare
  - Firebase/Core
  - GoogleMaps
  - GooglePlaces
  - IQKeyboardManagerSwift
  - MBProgressHUD (~> 1.0.0)
  - SCLAlertView
  - SDWebImage (~> 3.8)
  - SideMenu
  - Stripe
  - SwiftLoader
  - SwiftyStarRatingView

SPEC CHECKSUMS:
  Bolts: 8a7995239dbe724f9cba2248b766d48b7ebdd322
  Charts: 236d6ccdd0ce6feae151d89e829a7397381a21fd
  CircleProgressView: 1e25a96d95bfabaaf91fad52ed801d12af057170
  Crashlytics: dfbae35ef22ca189240d230ad501feea4ee85d2d
  CVCalendar: 61912eb5dc39c3bcfe22a731147a559a696fbc15
  Fabric: f050464eac45a2ce5a8e6e6a07e977c0df32fe28
  FacebookCore: 2cb3f0fbff218e9d3119cec84bae983b232412de
  FacebookLogin: c9d606504735780a9e3002465a615512e0a691a5
  FacebookShare: 8e9ee8ea06505e6a1d3d719b0cc63e840fb8aaeb
  FBSDKCoreKit: 9c2daf0162214d6d2e21cf8208a9c6c2a2e42b9c
  FBSDKLoginKit: 00cf28916b9f0169763a3d61985d745b579fe304
  FBSDKShareKit: 1cbd0fdc2bb3277dd3522512855dcf1f4088f734
  Firebase: 9e33fdfbca37cab635c693883caa90a4475b842b
  FirebaseAnalytics: ad41720e3e67fc63fbe3d2948d3e26932a8de311
  FirebaseCore: c709067051de07bdaffdc4e735cd7299a23c463a
  FirebaseInstanceID: 9fbf536668f4d3f0880e7438456dabd1376e294b
  GoogleMaps: 104c418d61ab8a05dff06ed0784c25ea9d37da45
  GooglePlaces: bca867d5e9da15384c794b945e4226848bc6e9d9
  GoogleToolboxForMac: 8e329f1b599f2512c6b10676d45736bcc2cbbeb0
  IQKeyboardManagerSwift: 2eefe6c429b86aa08bfbc1b5c891164d754adf91
  MBProgressHUD: 4890f671c94e8a0f3cf959aa731e9de2f036d71a
  SCLAlertView: 8a14ffc40590c619e183eed2298b854385f30be1
  SDWebImage: 098e97e6176540799c27e804c96653ee0833d13c
  SideMenu: 3fa07dd05d4bade2b6f9889fb1877e312e1ba319
  Stripe: 5c5a49d750952b1801e4c1f5c4264a08e427c67d
  SwiftLoader: 12d7a6f661f5e9a2c9a72003e7dd6162f4ff0cc4
  SwiftyStarRatingView: a2b0057700e0adeb8e7442c55d99cb53b531d2f4

PODFILE CHECKSUM: 6302c794e666e6e10729b3314b7c07bb786d253d

COCOAPODS: 1.2.1
